
Microsoft Visual Studio Solution File, Format Version 12.00
# Visual Studio Version 16
VisualStudioVersion = 16.0.29326.143
MinimumVisualStudioVersion = 10.0.40219.1
Project("{FAE04EC0-301F-11D3-BF4B-00C04F79EFBC}") = "ThaiPost", "ThaiPost\ThaiPost.csproj", "{C6026CCD-6F3B-407D-885B-581D953A589F}"
EndProject
Global
	GlobalSection(SolutionConfigurationPlatforms) = preSolution
		Debug|Any CPU = Debug|Any CPU
		Release|Any CPU = Release|Any CPU
	EndGlobalSection
	GlobalSection(ProjectConfigurationPlatforms) = postSolution
		{C6026CCD-6F3B-407D-885B-581D953A589F}.Debug|Any CPU.ActiveCfg = Debug|Any CPU
		{C6026CCD-6F3B-407D-885B-581D953A589F}.Debug|Any CPU.Build.0 = Debug|Any CPU
		{C6026CCD-6F3B-407D-885B-581D953A589F}.Release|Any CPU.ActiveCfg = Release|Any CPU
		{C6026CCD-6F3B-407D-885B-581D953A589F}.Release|Any CPU.Build.0 = Release|Any CPU
	EndGlobalSection
	GlobalSection(SolutionProperties) = preSolution
		HideSolutionNode = FALSE
	EndGlobalSection
	GlobalSection(ExtensibilityGlobals) = postSolution
		SolutionGuid = {B25BCBC9-7F56-43C3-B11D-1D5BFD2127FA}
	EndGlobalSection
EndGlobal
